eliasnaur.com/font v0.0.0-20230308162249-dd43949cb42d h1:ARo7NCVvN2NdhLlJE9xAbKweuI9L6UgfTbYb0YwPacY=
eliasnaur.com/font v0.0.0-20230308162249-dd43949cb42d/go.mod h1:OYVuxibdk9OSLX8vAqydtRPP87PyTFcT9uH3MlEGBQA=
gioui.org v0.7.1 h1:l7OVj47n1z8acaszQ6Wlu+Rxme+HqF3q8b+Fs68+x3w=
gioui.org v0.7.1/go.mod h1:5Kw/q7R1BWc5MKStuTNvhCgSrRqbfHc9Dzfjs4IGgZo=
gioui.org/cpu v0.0.0-20210808092351-bfe733dd3334/go.mod h1:A8M0Cn5o+vY5LTMlnRoK3O5kG+rH0kWfJjeKd9QpBmQ=
gioui.org/cpu v0.0.0-20220412190645-f1e9e8c3b1f7 h1:tNJdnP5CgM39PRc+KWmBRRYX/zJ+rd5XaYxY5d5veqA=
gioui.org/cpu v0.0.0-20220412190645-f1e9e8c3b1f7/go.mod h1:A8M0Cn5o+vY5LTMlnRoK3O5kG+rH0kWfJjeKd9QpBmQ=
gioui.org/shader v1.0.8 h1:6ks0o/A+b0ne7RzEqRZK5f4Gboz2CfG+mVliciy6+qA=
gioui.org/shader v1.0.8/go.mod h1:mWdiME581d/kV7/iEhLmUgUK5iZ09XR5XpduXzbePVM=
gioui.org/x v0.7.1 h1:7bnQHsV7qB36tIUit2WDcUx4Cnmo+6T9I38B9brLQ7o=
gioui.org/x v0.7.1/go.mod h1:5CzZ64oFpOaqb2kaMvj+QEr5T3nVuLKD0LizLH32ii0=
github.com/dustin/go-humanize v1.0.1 h1:GzkhY7T5VNhEkwH0PVJgjz+fX1rhBrR7pRT3mDkpeCY=
github.com/dustin/go-humanize v1.0.1/go.mod h1:Mu1zIs6XwVuF/gI1OepvI0qD18qycQx+mFykh5fBlto=
github.com/ebitengine/purego v0.8.0 h1:JbqvnEzRvPpxhCJzJJ2y0RbiZ8nyjccVUrSM3q+GvvE=
github.com/ebitengine/purego v0.8.0/go.mod h1:iIjxzd6CiRiOG0UyXP+V1+jWqUXVjPKLAI0mRfJZTmQ=
github.com/go-ole/go-ole v1.2.6 h1:/Fpf6oFPoeFik9ty7siob0G6Ke8QvQEuVcuChpwXzpY=
github.com/go-ole/go-ole v1.2.6/go.mod h1:pprOEPIfldk/42T2oK7lQ4v4JSDwmV0As9GaiUsvbm0=
github.com/go-text/typesetting v0.1.1 h1:bGAesCuo85nXnEN5LmFMVGAGpGkCPtHrZLi//qD7EJo=
github.com/go-text/typesetting v0.1.1/go.mod h1:d22AnmeKq/on0HNv73UFriMKc4Ez6EqZAofLhAzpSzI=
github.com/go-text/typesetting-utils v0.0.0-20231211103740-d9332ae51f04 h1:zBx+p/W2aQYtNuyZNcTfinWvXBQwYtDfme051PR/lAY=
github.com/go-text/typesetting-utils v0.0.0-20231211103740-d9332ae51f04/go.mod h1:DDxDdQEnB70R8owOx3LVpEFvpMK9eeH1o2r0yZhFI9o=
github.com/power-devops/perfstat v0.0.0-20210106213030-5aafc221ea8c h1:ncq/mPwQF4JjgDlrVEn3C11VoGHZN7m8qihwgMEtzYw=
github.com/power-devops/perfstat v0.0.0-20210106213030-5aafc221ea8c/go.mod h1:OmDBASR4679mdNQnz2pUhc2G8CO2JrUAVFDRBDP/hJE=
github.com/shirou/gopsutil/v4 v4.24.9 h1:KIV+/HaHD5ka5f570RZq+2SaeFsb/pq+fp2DGNWYoOI=
github.com/shirou/gopsutil/v4 v4.24.9/go.mod h1:3fkaHNeYsUFCGZ8+9vZVWtbyM1k2eRnlL+bWO8Bxa/Q=
github.com/yusufpapurcu/wmi v1.2.4 h1:zFUKzehAFReQwLys1b/iSMl+JQGSCSjtVqQn9bBrPo0=
github.com/yusufpapurcu/wmi v1.2.4/go.mod h1:SBZ9tNy3G9/m5Oi98Zks0QjeHVDvuK0qfxQmPyzfmi0=
golang.org/x/exp v0.0.0-20240707233637-46b078467d37 h1:uLDX+AfeFCct3a2C7uIWBKMJIR3CJMhcgfrUAqjRK6w=
golang.org/x/exp v0.0.0-20240707233637-46b078467d37/go.mod h1:M4RDyNAINzryxdtnbRXRL/OHtkFuWGRjvuhBJpk2IlY=
golang.org/x/exp/shiny v0.0.0-20240707233637-46b078467d37 h1:SOSg7+sueresE4IbmmGM60GmlIys+zNX63d6/J4CMtU=
golang.org/x/exp/shiny v0.0.0-20240707233637-46b078467d37/go.mod h1:3F+MieQB7dRYLTmnncoFbb1crS5lfQoTfDgQy6K4N0o=
golang.org/x/image v0.18.0 h1:jGzIakQa/ZXI1I0Fxvaa9W7yP25TqT6cHIHn+6CqvSQ=
golang.org/x/image v0.18.0/go.mod h1:4yyo5vMFQjVjUcVk4jEQcU9MGy/rulF5WvUILseCM2E=
golang.org/x/sys v0.0.0-20190916202348-b4ddaad3f8a3/go.mod h1:h1NjWce9XRLGQEsW7wpKNCjG9DtNlClVuFLEZdDNbEs=
golang.org/x/sys v0.0.0-20201204225414-ed752295db88/go.mod h1:h1NjWce9XRLGQEsW7wpKNCjG9DtNlClVuFLEZdDNbEs=
golang.org/x/sys v0.25.0 h1:r+8e+loiHxRqhXVl6ML1nO3l1+oFoWbnlu2Ehimmi34=
golang.org/x/sys v0.25.0/go.mod h1:/VUhepiaJMQUp4+oa/7Zr1D23ma6VTLIYjOOTFZPUcA=
golang.org/x/text v0.16.0 h1:a94ExnEXNtEwYLGJSIUxnWoxoRz/ZcCsV63ROupILh4=
golang.org/x/text v0.16.0/go.mod h1:GhwF1Be+LQoKShO3cGOHzqOgRrGaYc9AvblQOmPVHnI=
